// !$*UTF8*$!
{
	archiveVersion = 1;
	classes = {
	};
	objectVersion = 51;
	objects = {

/* Begin PBXBuildFile section */
		4529359F23FA12D30051AC96 /* WeekViewModel.swift in Sources */ = {isa = PBXBuildFile; fileRef = 4529359E23FA12D30051AC96 /* WeekViewModel.swift */; };
		452935A123FA1F090051AC96 /* ViewExtension.swift in Sources */ = {isa = PBXBuildFile; fileRef = 452935A023FA1F090051AC96 /* ViewExtension.swift */; };
		4531C78923F9B70D00AD3E3C /* NowViewModel.swift in Sources */ = {isa = PBXBuildFile; fileRef = 4531C78823F9B70D00AD3E3C /* NowViewModel.swift */; };
		4531C78C23F9BB5700AD3E3C /* WeatherDataSource.swift in Sources */ = {isa = PBXBuildFile; fileRef = 4531C78B23F9BB5700AD3E3C /* WeatherDataSource.swift */; };
		4531C78F23F9C28500AD3E3C /* CustomMsgBox.swift in Sources */ = {isa = PBXBuildFile; fileRef = 4531C78E23F9C28500AD3E3C /* CustomMsgBox.swift */; };
		4531C79223F9C2BC00AD3E3C /* ColorExtension.swift in Sources */ = {isa = PBXBuildFile; fileRef = 4531C79123F9C2BC00AD3E3C /* ColorExtension.swift */; };
		4531C79623F9CFA800AD3E3C /* WeatherAnimation.swift in Sources */ = {isa = PBXBuildFile; fileRef = 4531C79523F9CFA800AD3E3C /* WeatherAnimation.swift */; };
		455A061D23F9EA970078928D /* Conversion.swift in Sources */ = {isa = PBXBuildFile; fileRef = 455A061C23F9EA970078928D /* Conversion.swift */; };
		455A061F23F9EC2E0078928D /* BaseViewController.swift in Sources */ = {isa = PBXBuildFile; fileRef = 455A061E23F9EC2E0078928D /* BaseViewController.swift */; };
		455A062123F9F1600078928D /* Temperature.swift in Sources */ = {isa = PBXBuildFile; fileRef = 455A062023F9F1600078928D /* Temperature.swift */; };
		45918D7D23F9779900219B4B /* tw-cen-classified-mt-std.otf in Resources */ = {isa = PBXBuildFile; fileRef = 45918D7C23F9779900219B4B /* tw-cen-classified-mt-std.otf */; };
		45918D7F23F985DB00219B4B /* WeekViewController.swift in Sources */ = {isa = PBXBuildFile; fileRef = 45918D7E23F985DB00219B4B /* WeekViewController.swift */; };
		4597AA7323F8C5FF00573AC7 /* WeatherConditions.swift in Sources */ = {isa = PBXBuildFile; fileRef = 4597AA7223F8C5FF00573AC7 /* WeatherConditions.swift */; };
		45B9D06523F8665D0091AD81 /* AppDelegate.swift in Sources */ = {isa = PBXBuildFile; fileRef = 45B9D06423F8665D0091AD81 /* AppDelegate.swift */; };
		45B9D06723F8665D0091AD81 /* SceneDelegate.swift in Sources */ = {isa = PBXBuildFile; fileRef = 45B9D06623F8665D0091AD81 /* SceneDelegate.swift */; };
		45B9D06E23F8665D0091AD81 /* Main.storyboard in Resources */ = {isa = PBXBuildFile; fileRef = 45B9D06C23F8665D0091AD81 /* Main.storyboard */; };
		45B9D07023F8665E0091AD81 /* Assets.xcassets in Resources */ = {isa = PBXBuildFile; fileRef = 45B9D06F23F8665E0091AD81 /* Assets.xcassets */; };
		45B9D07323F8665E0091AD81 /* LaunchScreen.storyboard in Resources */ = {isa = PBXBuildFile; fileRef = 45B9D07123F8665E0091AD81 /* LaunchScreen.storyboard */; };
		45B9D08423F86ACE0091AD81 /* CoreLocation.framework in Frameworks */ = {isa = PBXBuildFile; fileRef = 45B9D08323F86ACE0091AD81 /* CoreLocation.framework */; };
		45B9D08B23F876760091AD81 /* DarkSkyLocation.swift in Sources */ = {isa = PBXBuildFile; fileRef = 45B9D08A23F876760091AD81 /* DarkSkyLocation.swift */; };
		45B9D08D23F87DFD0091AD81 /* NowViewController.swift in Sources */ = {isa = PBXBuildFile; fileRef = 45B9D08C23F87DFD0091AD81 /* NowViewController.swift */; };
		45B9D09123F89BC10091AD81 /* Result.swift in Sources */ = {isa = PBXBuildFile; fileRef = 45B9D09023F89BC10091AD81 /* Result.swift */; };
		45B9D09323F89BDF0091AD81 /* DarkSkyApi.swift in Sources */ = {isa = PBXBuildFile; fileRef = 45B9D09223F89BDF0091AD81 /* DarkSkyApi.swift */; };
		45B9D09523F89C7A0091AD81 /* HTTPRequest.swift in Sources */ = {isa = PBXBuildFile; fileRef = 45B9D09423F89C7A0091AD81 /* HTTPRequest.swift */; };
		45B9D09723F89D0F0091AD81 /* Config.swift in Sources */ = {isa = PBXBuildFile; fileRef = 45B9D09623F89D0F0091AD81 /* Config.swift */; };
		B5D73A57513C630E150CE926 /* Pods_Dark_sky.framework in Frameworks */ = {isa = PBXBuildFile; fileRef = 1B357D3F3535008B11292D31 /* Pods_Dark_sky.framework */; };
/* End PBXBuildFile section */

/* Begin PBXFileReference section */
		1B357D3F3535008B11292D31 /* Pods_Dark_sky.framework */ = {isa = PBXFileReference; explicitFileType = wrapper.framework; includeInIndex = 0; path = Pods_Dark_sky.framework; sourceTree = BUILT_PRODUCTS_DIR; };
		4529359E23FA12D30051AC96 /* WeekViewModel.swift */ = {isa = PBXFileReference; lastKnownFileType = sourcecode.swift; path = WeekViewModel.swift; sourceTree = "<group>"; };
		452935A023FA1F090051AC96 /* ViewExtension.swift */ = {isa = PBXFileReference; lastKnownFileType = sourcecode.swift; path = ViewExtension.swift; sourceTree = "<group>"; };
		4531C78823F9B70D00AD3E3C /* NowViewModel.swift */ = {isa = PBXFileReference; lastKnownFileType = sourcecode.swift; path = NowViewModel.swift; sourceTree = "<group>"; };
		4531C78B23F9BB5700AD3E3C /* WeatherDataSource.swift */ = {isa = PBXFileReference; lastKnownFileType = sourcecode.swift; path = WeatherDataSource.swift; sourceTree = "<group>"; };
		4531C78E23F9C28500AD3E3C /* CustomMsgBox.swift */ = {isa = PBXFileReference; lastKnownFileType = sourcecode.swift; path = CustomMsgBox.swift; sourceTree = "<group>"; };
		4531C79123F9C2BC00AD3E3C /* ColorExtension.swift */ = {isa = PBXFileReference; lastKnownFileType = sourcecode.swift; path = ColorExtension.swift; sourceTree = "<group>"; };
		4531C79523F9CFA800AD3E3C /* WeatherAnimation.swift */ = {isa = PBXFileReference; lastKnownFileType = sourcecode.swift; path = WeatherAnimation.swift; sourceTree = "<group>"; };
		455A061C23F9EA970078928D /* Conversion.swift */ = {isa = PBXFileReference; lastKnownFileType = sourcecode.swift; path = Conversion.swift; sourceTree = "<group>"; };
		455A061E23F9EC2E0078928D /* BaseViewController.swift */ = {isa = PBXFileReference; lastKnownFileType = sourcecode.swift; path = BaseViewController.swift; sourceTree = "<group>"; };
		455A062023F9F1600078928D /* Temperature.swift */ = {isa = PBXFileReference; lastKnownFileType = sourcecode.swift; path = Temperature.swift; sourceTree = "<group>"; };
		45918D7C23F9779900219B4B /* tw-cen-classified-mt-std.otf */ = {isa = PBXFileReference; lastKnownFileType = file; path = "tw-cen-classified-mt-std.otf"; sourceTree = "<group>"; };
		45918D7E23F985DB00219B4B /* WeekViewController.swift */ = {isa = PBXFileReference; lastKnownFileType = sourcecode.swift; path = WeekViewController.swift; sourceTree = "<group>"; };
		45918D8023F98D1100219B4B /* TwCenMTStd-Light.otf */ = {isa = PBXFileReference; lastKnownFileType = file; path = "TwCenMTStd-Light.otf"; sourceTree = "<group>"; };
		4597AA7223F8C5FF00573AC7 /* WeatherConditions.swift */ = {isa = PBXFileReference; lastKnownFileType = sourcecode.swift; path = WeatherConditions.swift; sourceTree = "<group>"; };
		45B9D06123F8665D0091AD81 /* Dark sky.app */ = {isa = PBXFileReference; explicitFileType = wrapper.application; includeInIndex = 0; path = "Dark sky.app"; sourceTree = BUILT_PRODUCTS_DIR; };
		45B9D06423F8665D0091AD81 /* AppDelegate.swift */ = {isa = PBXFileReference; lastKnownFileType = sourcecode.swift; path = AppDelegate.swift; sourceTree = "<group>"; };
		45B9D06623F8665D0091AD81 /* SceneDelegate.swift */ = {isa = PBXFileReference; lastKnownFileType = sourcecode.swift; path = SceneDelegate.swift; sourceTree = "<group>"; };
		45B9D06D23F8665D0091AD81 /* Base */ = {isa = PBXFileReference; lastKnownFileType = file.storyboard; name = Base; path = Base.lproj/Main.storyboard; sourceTree = "<group>"; };
		45B9D06F23F8665E0091AD81 /* Assets.xcassets */ = {isa = PBXFileReference; lastKnownFileType = folder.assetcatalog; path = Assets.xcassets; sourceTree = "<group>"; };
		45B9D07223F8665E0091AD81 /* Base */ = {isa = PBXFileReference; lastKnownFileType = file.storyboard; name = Base; path = Base.lproj/LaunchScreen.storyboard; sourceTree = "<group>"; };
		45B9D07423F8665E0091AD81 /* Info.plist */ = {isa = PBXFileReference; lastKnownFileType = text.plist.xml; path = Info.plist; sourceTree = "<group>"; };
		45B9D08323F86ACE0091AD81 /* CoreLocation.framework */ = {isa = PBXFileReference; lastKnownFileType = wrapper.framework; name = CoreLocation.framework; path = System/Library/Frameworks/CoreLocation.framework; sourceTree = SDKROOT; };
		45B9D08A23F876760091AD81 /* DarkSkyLocation.swift */ = {isa = PBXFileReference; lastKnownFileType = sourcecode.swift; path = DarkSkyLocation.swift; sourceTree = "<group>"; };
		45B9D08C23F87DFD0091AD81 /* NowViewController.swift */ = {isa = PBXFileReference; lastKnownFileType = sourcecode.swift; path = NowViewController.swift; sourceTree = "<group>"; };
		45B9D09023F89BC10091AD81 /* Result.swift */ = {isa = PBXFileReference; lastKnownFileType = sourcecode.swift; path = Result.swift; sourceTree = "<group>"; };
		45B9D09223F89BDF0091AD81 /* DarkSkyApi.swift */ = {isa = PBXFileReference; lastKnownFileType = sourcecode.swift; path = DarkSkyApi.swift; sourceTree = "<group>"; };
		45B9D09423F89C7A0091AD81 /* HTTPRequest.swift */ = {isa = PBXFileReference; lastKnownFileType = sourcecode.swift; path = HTTPRequest.swift; sourceTree = "<group>"; };
		45B9D09623F89D0F0091AD81 /* Config.swift */ = {isa = PBXFileReference; lastKnownFileType = sourcecode.swift; path = Config.swift; sourceTree = "<group>"; };
		714575C38A8026C55210C0E8 /* Pods-Dark sky.debug.xcconfig */ = {isa = PBXFileReference; includeInIndex = 1; lastKnownFileType = text.xcconfig; name = "Pods-Dark sky.debug.xcconfig"; path = "Target Support Files/Pods-Dark sky/Pods-Dark sky.debug.xcconfig"; sourceTree = "<group>"; };
		D14433C5C0119D767A4657B5 /* Pods-Dark sky.release.xcconfig */ = {isa = PBXFileReference; includeInIndex = 1; lastKnownFileType = text.xcconfig; name = "Pods-Dark sky.release.xcconfig"; path = "Target Support Files/Pods-Dark sky/Pods-Dark sky.release.xcconfig"; sourceTree = "<group>"; };
/* End PBXFileReference section */

/* Begin PBXFrameworksBuildPhase section */
		45B9D05E23F8665D0091AD81 /* Frameworks */ = {
			isa = PBXFrameworksBuildPhase;
			buildActionMask = 2147483647;
			files = (
				45B9D08423F86ACE0091AD81 /* CoreLocation.framework in Frameworks */,
				B5D73A57513C630E150CE926 /* Pods_Dark_sky.framework in Frameworks */,
			);
			runOnlyForDeploymentPostprocessing = 0;
		};
/* End PBXFrameworksBuildPhase section */

/* Begin PBXGroup section */
		4529359D23FA12B60051AC96 /* Week */ = {
			isa = PBXGroup;
			children = (
				4529359E23FA12D30051AC96 /* WeekViewModel.swift */,
			);
			path = Week;
			sourceTree = "<group>";
		};
		4531C78723F9B6E900AD3E3C /* Now */ = {
			isa = PBXGroup;
			children = (
				4531C78823F9B70D00AD3E3C /* NowViewModel.swift */,
			);
			path = Now;
			sourceTree = "<group>";
		};
		4531C78A23F9BB1100AD3E3C /* DataSource */ = {
			isa = PBXGroup;
			children = (
				4531C78B23F9BB5700AD3E3C /* WeatherDataSource.swift */,
			);
			path = DataSource;
			sourceTree = "<group>";
		};
		4531C78D23F9C26C00AD3E3C /* Controll */ = {
			isa = PBXGroup;
			children = (
				4531C78E23F9C28500AD3E3C /* CustomMsgBox.swift */,
			);
			path = Controll;
			sourceTree = "<group>";
		};
		4531C79023F9C2A100AD3E3C /* Extensions */ = {
			isa = PBXGroup;
			children = (
				4531C79123F9C2BC00AD3E3C /* ColorExtension.swift */,
				452935A023FA1F090051AC96 /* ViewExtension.swift */,
			);
			path = Extensions;
			sourceTree = "<group>";
		};
		4531C79323F9C8EB00AD3E3C /* Config */ = {
			isa = PBXGroup;
			children = (
			);
			path = Config;
			sourceTree = "<group>";
		};
		4531C79423F9CF7C00AD3E3C /* Animation */ = {
			isa = PBXGroup;
			children = (
				4531C79523F9CFA800AD3E3C /* WeatherAnimation.swift */,
			);
			path = Animation;
			sourceTree = "<group>";
		};
		455A061B23F9EA890078928D /* Util */ = {
			isa = PBXGroup;
			children = (
				455A061C23F9EA970078928D /* Conversion.swift */,
			);
			path = Util;
			sourceTree = "<group>";
		};
		45918D7A23F9775F00219B4B /* Resources */ = {
			isa = PBXGroup;
			children = (
				45918D7B23F9776500219B4B /* Fonts */,
			);
			path = Resources;
			sourceTree = "<group>";
		};
		45918D7B23F9776500219B4B /* Fonts */ = {
			isa = PBXGroup;
			children = (
				45918D8023F98D1100219B4B /* TwCenMTStd-Light.otf */,
				45918D7C23F9779900219B4B /* tw-cen-classified-mt-std.otf */,
			);
			path = Fonts;
			sourceTree = "<group>";
		};
		45B9D05823F8665D0091AD81 = {
			isa = PBXGroup;
			children = (
				45B9D06323F8665D0091AD81 /* Dark sky */,
				45B9D06223F8665D0091AD81 /* Products */,
				45B9D08223F86ACE0091AD81 /* Frameworks */,
				585175672B2BB2D0A1A0E5B0 /* Pods */,
			);
			sourceTree = "<group>";
		};
		45B9D06223F8665D0091AD81 /* Products */ = {
			isa = PBXGroup;
			children = (
				45B9D06123F8665D0091AD81 /* Dark sky.app */,
			);
			name = Products;
			sourceTree = "<group>";
		};
		45B9D06323F8665D0091AD81 /* Dark sky */ = {
			isa = PBXGroup;
			children = (
				455A061B23F9EA890078928D /* Util */,
				4531C79423F9CF7C00AD3E3C /* Animation */,
				4531C79323F9C8EB00AD3E3C /* Config */,
				4531C79023F9C2A100AD3E3C /* Extensions */,
				4531C78D23F9C26C00AD3E3C /* Controll */,
				4531C78A23F9BB1100AD3E3C /* DataSource */,
				45918D7A23F9775F00219B4B /* Resources */,
				45B9D08F23F89BB00091AD81 /* Enum */,
				45B9D08923F875770091AD81 /* Location */,
				45B9D07D23F869900091AD81 /* Network */,
				45B9D07C23F869820091AD81 /* ViewModels */,
				45B9D07B23F8697A0091AD81 /* Models */,
				45B9D07A23F8696A0091AD81 /* UI */,
				45B9D06423F8665D0091AD81 /* AppDelegate.swift */,
				45B9D06623F8665D0091AD81 /* SceneDelegate.swift */,
				45B9D06F23F8665E0091AD81 /* Assets.xcassets */,
				45B9D07123F8665E0091AD81 /* LaunchScreen.storyboard */,
				45B9D07423F8665E0091AD81 /* Info.plist */,
			);
			path = "Dark sky";
			sourceTree = "<group>";
		};
		45B9D07A23F8696A0091AD81 /* UI */ = {
			isa = PBXGroup;
			children = (
				45B9D08123F869FC0091AD81 /* Week */,
				45B9D08023F869E80091AD81 /* Today */,
				45B9D07F23F869D30091AD81 /* Now */,
				45B9D07E23F869B80091AD81 /* Main */,
				455A061E23F9EC2E0078928D /* BaseViewController.swift */,
			);
			path = UI;
			sourceTree = "<group>";
		};
		45B9D07B23F8697A0091AD81 /* Models */ = {
			isa = PBXGroup;
			children = (
				4597AA7223F8C5FF00573AC7 /* WeatherConditions.swift */,
			);
			path = Models;
			sourceTree = "<group>";
		};
		45B9D07C23F869820091AD81 /* ViewModels */ = {
			isa = PBXGroup;
			children = (
				4529359D23FA12B60051AC96 /* Week */,
				4531C78723F9B6E900AD3E3C /* Now */,
			);
			path = ViewModels;
			sourceTree = "<group>";
		};
		45B9D07D23F869900091AD81 /* Network */ = {
			isa = PBXGroup;
			children = (
				45B9D08E23F899DB0091AD81 /* DarkSky */,
			);
			path = Network;
			sourceTree = "<group>";
		};
		45B9D07E23F869B80091AD81 /* Main */ = {
			isa = PBXGroup;
			children = (
				45B9D06C23F8665D0091AD81 /* Main.storyboard */,
			);
			path = Main;
			sourceTree = "<group>";
		};
		45B9D07F23F869D30091AD81 /* Now */ = {
			isa = PBXGroup;
			children = (
				45B9D08C23F87DFD0091AD81 /* NowViewController.swift */,
			);
			path = Now;
			sourceTree = "<group>";
		};
		45B9D08023F869E80091AD81 /* Today */ = {
			isa = PBXGroup;
			children = (
			);
			path = Today;
			sourceTree = "<group>";
		};
		45B9D08123F869FC0091AD81 /* Week */ = {
			isa = PBXGroup;
			children = (
				45918D7E23F985DB00219B4B /* WeekViewController.swift */,
			);
			path = Week;
			sourceTree = "<group>";
		};
		45B9D08223F86ACE0091AD81 /* Frameworks */ = {
			isa = PBXGroup;
			children = (
				45B9D08323F86ACE0091AD81 /* CoreLocation.framework */,
				1B357D3F3535008B11292D31 /* Pods_Dark_sky.framework */,
			);
			name = Frameworks;
			sourceTree = "<group>";
		};
		45B9D08923F875770091AD81 /* Location */ = {
			isa = PBXGroup;
			children = (
				45B9D08A23F876760091AD81 /* DarkSkyLocation.swift */,
			);
			path = Location;
			sourceTree = "<group>";
		};
		45B9D08E23F899DB0091AD81 /* DarkSky */ = {
			isa = PBXGroup;
			children = (
				45B9D09223F89BDF0091AD81 /* DarkSkyApi.swift */,
				45B9D09423F89C7A0091AD81 /* HTTPRequest.swift */,
				45B9D09623F89D0F0091AD81 /* Config.swift */,
			);
			path = DarkSky;
			sourceTree = "<group>";
		};
		45B9D08F23F89BB00091AD81 /* Enum */ = {
			isa = PBXGroup;
			children = (
				45B9D09023F89BC10091AD81 /* Result.swift */,
				455A062023F9F1600078928D /* Temperature.swift */,
			);
			path = Enum;
			sourceTree = "<group>";
		};
		585175672B2BB2D0A1A0E5B0 /* Pods */ = {
			isa = PBXGroup;
			children = (
				714575C38A8026C55210C0E8 /* Pods-Dark sky.debug.xcconfig */,
				D14433C5C0119D767A4657B5 /* Pods-Dark sky.release.xcconfig */,
			);
			path = Pods;
			sourceTree = "<group>";
		};
/* End PBXGroup section */

/* Begin PBXNativeTarget section */
		45B9D06023F8665D0091AD81 /* Dark sky */ = {
			isa = PBXNativeTarget;
			buildConfigurationList = 45B9D07723F8665E0091AD81 /* Build configuration list for PBXNativeTarget "Dark sky" */;
			buildPhases = (
				96D9012EABB37AACD1B2C4C7 /* [CP] Check Pods Manifest.lock */,
				45B9D05D23F8665D0091AD81 /* Sources */,
				45B9D05E23F8665D0091AD81 /* Frameworks */,
				45B9D05F23F8665D0091AD81 /* Resources */,
				66DE1B7DD6E3A981B2F155B9 /* [CP] Embed Pods Frameworks */,
			);
			buildRules = (
			);
			dependencies = (
			);
			name = "Dark sky";
			productName = "Dark sky";
			productReference = 45B9D06123F8665D0091AD81 /* Dark sky.app */;
			productType = "com.apple.product-type.application";
		};
/* End PBXNativeTarget section */

/* Begin PBXProject section */
		45B9D05923F8665D0091AD81 /* Project object */ = {
			isa = PBXProject;
			attributes = {
				LastSwiftUpdateCheck = 1130;
				LastUpgradeCheck = 1130;
				TargetAttributes = {
					45B9D06023F8665D0091AD81 = {
						CreatedOnToolsVersion = 11.3.1;
					};
				};
			};
			buildConfigurationList = 45B9D05C23F8665D0091AD81 /* Build configuration list for PBXProject "Dark sky" */;
			compatibilityVersion = "Xcode 9.3";
			developmentRegion = en;
			hasScannedForEncodings = 0;
			knownRegions = (
				en,
				Base,
			);
			mainGroup = 45B9D05823F8665D0091AD81;
			productRefGroup = 45B9D06223F8665D0091AD81 /* Products */;
			projectDirPath = "";
			projectRoot = "";
			targets = (
				45B9D06023F8665D0091AD81 /* Dark sky */,
			);
		};
/* End PBXProject section */

/* Begin PBXResourcesBuildPhase section */
		45B9D05F23F8665D0091AD81 /* Resources */ = {
			isa = PBXResourcesBuildPhase;
			buildActionMask = 2147483647;
			files = (
				45B9D07323F8665E0091AD81 /* LaunchScreen.storyboard in Resources */,
				45B9D07023F8665E0091AD81 /* Assets.xcassets in Resources */,
				45B9D06E23F8665D0091AD81 /* Main.storyboard in Resources */,
				45918D7D23F9779900219B4B /* tw-cen-classified-mt-std.otf in Resources */,
			);
			runOnlyForDeploymentPostprocessing = 0;
		};
/* End PBXResourcesBuildPhase section */

/* Begin PBXShellScriptBuildPhase section */
		66DE1B7DD6E3A981B2F155B9 /* [CP] Embed Pods Frameworks */ = {
			isa = PBXShellScriptBuildPhase;
			buildActionMask = 2147483647;
			files = (
			);
			inputFileListPaths = (
				"${PODS_ROOT}/Target Support Files/Pods-Dark sky/Pods-Dark sky-frameworks-${CONFIGURATION}-input-files.xcfilelist",
			);
			name = "[CP] Embed Pods Frameworks";
			outputFileListPaths = (
				"${PODS_ROOT}/Target Support Files/Pods-Dark sky/Pods-Dark sky-frameworks-${CONFIGURATION}-output-files.xcfilelist",
			);
			runOnlyForDeploymentPostprocessing = 0;
			shellPath = /bin/sh;
			shellScript = "\"${PODS_ROOT}/Target Support Files/Pods-Dark sky/Pods-Dark sky-frameworks.sh\"\n";
			showEnvVarsInLog = 0;
		};
		96D9012EABB37AACD1B2C4C7 /* [CP] Check Pods Manifest.lock */ = {
			isa = PBXShellScriptBuildPhase;
			buildActionMask = 2147483647;
			files = (
			);
			inputFileListPaths = (
			);
			inputPaths = (
				"${PODS_PODFILE_DIR_PATH}/Podfile.lock",
				"${PODS_ROOT}/Manifest.lock",
			);
			name = "[CP] Check Pods Manifest.lock";
			outputFileListPaths = (
			);
			outputPaths = (
				"$(DERIVED_FILE_DIR)/Pods-Dark sky-checkManifestLockResult.txt",
			);
			runOnlyForDeploymentPostprocessing = 0;
			shellPath = /bin/sh;
			shellScript = "diff \"${PODS_PODFILE_DIR_PATH}/Podfile.lock\" \"${PODS_ROOT}/Manifest.lock\" > /dev/null\nif [ $? != 0 ] ; then\n    # print error to STDERR\n    echo \"error: The sandbox is not in sync with the Podfile.lock. Run 'pod install' or update your CocoaPods installation.\" >&2\n    exit 1\nfi\n# This output is used by Xcode 'outputs' to avoid re-running this script phase.\necho \"SUCCESS\" > \"${SCRIPT_OUTPUT_FILE_0}\"\n";
			showEnvVarsInLog = 0;
		};
/* End PBXShellScriptBuildPhase section */

/* Begin PBXSourcesBuildPhase section */
		45B9D05D23F8665D0091AD81 /* Sources */ = {
			isa = PBXSourcesBuildPhase;
			buildActionMask = 2147483647;
			files = (
				45B9D09123F89BC10091AD81 /* Result.swift in Sources */,
				4531C79623F9CFA800AD3E3C /* WeatherAnimation.swift in Sources */,
				45B9D06523F8665D0091AD81 /* AppDelegate.swift in Sources */,
				452935A123FA1F090051AC96 /* ViewExtension.swift in Sources */,
				45B9D09723F89D0F0091AD81 /* Config.swift in Sources */,
				45B9D08D23F87DFD0091AD81 /* NowViewController.swift in Sources */,
				455A061F23F9EC2E0078928D /* BaseViewController.swift in Sources */,
				4531C78F23F9C28500AD3E3C /* CustomMsgBox.swift in Sources */,
				45B9D06723F8665D0091AD81 /* SceneDelegate.swift in Sources */,
				45B9D09323F89BDF0091AD81 /* DarkSkyApi.swift in Sources */,
				4531C78C23F9BB5700AD3E3C /* WeatherDataSource.swift in Sources */,
				45B9D09523F89C7A0091AD81 /* HTTPRequest.swift in Sources */,
				455A061D23F9EA970078928D /* Conversion.swift in Sources */,
				4531C79223F9C2BC00AD3E3C /* ColorExtension.swift in Sources */,
				45B9D08B23F876760091AD81 /* DarkSkyLocation.swift in Sources */,
				4597AA7323F8C5FF00573AC7 /* WeatherConditions.swift in Sources */,
				455A062123F9F1600078928D /* Temperature.swift in Sources */,
				4531C78923F9B70D00AD3E3C /* NowViewModel.swift in Sources */,
				45918D7F23F985DB00219B4B /* WeekViewController.swift in Sources */,
				4529359F23FA12D30051AC96 /* WeekViewModel.swift in Sources */,
			);
			runOnlyForDeploymentPostprocessing = 0;
		};
/* End PBXSourcesBuildPhase section */

/* Begin PBXVariantGroup section */
		45B9D06C23F8665D0091AD81 /* Main.storyboard */ = {
			isa = PBXVariantGroup;
			children = (
				45B9D06D23F8665D0091AD81 /* Base */,
			);
			name = Main.storyboard;
			sourceTree = "<group>";
		};
		45B9D07123F8665E0091AD81 /* LaunchScreen.storyboard */ = {
			isa = PBXVariantGroup;
			children = (
				45B9D07223F8665E0091AD81 /* Base */,
			);
			name = LaunchScreen.storyboard;
			sourceTree = "<group>";
		};
/* End PBXVariantGroup section */

/* Begin XCBuildConfiguration section */
		45B9D07523F8665E0091AD81 /* Debug */ = {
			isa = XCBuildConfiguration;
			buildSettings = {
				ALWAYS_SEARCH_USER_PATHS = NO;
				CLANG_ANALYZER_NONNULL = YES;
				CLANG_ANALYZER_NUMBER_OBJECT_CONVERSION = YES_AGGRESSIVE;
				CLANG_CXX_LANGUAGE_STANDARD = "gnu++14";
				CLANG_CXX_LIBRARY = "libc++";
				CLANG_ENABLE_MODULES = YES;
				CLANG_ENABLE_OBJC_ARC = YES;
				CLANG_ENABLE_OBJC_WEAK = YES;
				CLANG_WARN_BLOCK_CAPTURE_AUTORELEASING = YES;
				CLANG_WARN_BOOL_CONVERSION = YES;
				CLANG_WARN_COMMA = YES;
				CLANG_WARN_CONSTANT_CONVERSION = YES;
				CLANG_WARN_DEPRECATED_OBJC_IMPLEMENTATIONS = YES;
				CLANG_WARN_DIRECT_OBJC_ISA_USAGE = YES_ERROR;
				CLANG_WARN_DOCUMENTATION_COMMENTS = YES;
				CLANG_WARN_EMPTY_BODY = YES;
				CLANG_WARN_ENUM_CONVERSION = YES;
				CLANG_WARN_INFINITE_RECURSION = YES;
				CLANG_WARN_INT_CONVERSION = YES;
				CLANG_WARN_NON_LITERAL_NULL_CONVERSION = YES;
				CLANG_WARN_OBJC_IMPLICIT_RETAIN_SELF = YES;
				CLANG_WARN_OBJC_LITERAL_CONVERSION = YES;
				CLANG_WARN_OBJC_ROOT_CLASS = YES_ERROR;
				CLANG_WARN_RANGE_LOOP_ANALYSIS = YES;
				CLANG_WARN_STRICT_PROTOTYPES = YES;
				CLANG_WARN_SUSPICIOUS_MOVE = YES;
				CLANG_WARN_UNGUARDED_AVAILABILITY = YES_AGGRESSIVE;
				CLANG_WARN_UNREACHABLE_CODE = YES;
				CLANG_WARN__DUPLICATE_METHOD_MATCH = YES;
				COPY_PHASE_STRIP = NO;
				DEBUG_INFORMATION_FORMAT = dwarf;
				ENABLE_STRICT_OBJC_MSGSEND = YES;
				ENABLE_TESTABILITY = YES;
				GCC_C_LANGUAGE_STANDARD = gnu11;
				GCC_DYNAMIC_NO_PIC = NO;
				GCC_NO_COMMON_BLOCKS = YES;
				GCC_OPTIMIZATION_LEVEL = 0;
				GCC_PREPROCESSOR_DEFINITIONS = (
					"DEBUG=1",
					"$(inherited)",
				);
				GCC_WARN_64_TO_32_BIT_CONVERSION = YES;
				GCC_WARN_ABOUT_RETURN_TYPE = YES_ERROR;
				GCC_WARN_UNDECLARED_SELECTOR = YES;
				GCC_WARN_UNINITIALIZED_AUTOS = YES_AGGRESSIVE;
				GCC_WARN_UNUSED_FUNCTION = YES;
				GCC_WARN_UNUSED_VARIABLE = YES;
				IPHONEOS_DEPLOYMENT_TARGET = 13.2;
				MTL_ENABLE_DEBUG_INFO = INCLUDE_SOURCE;
				MTL_FAST_MATH = YES;
				ONLY_ACTIVE_ARCH = YES;
				SDKROOT = iphoneos;
				SWIFT_ACTIVE_COMPILATION_CONDITIONS = DEBUG;
				SWIFT_OPTIMIZATION_LEVEL = "-Onone";
			};
			name = Debug;
		};
		45B9D07623F8665E0091AD81 /* Release */ = {
			isa = XCBuildConfiguration;
			buildSettings = {
				ALWAYS_SEARCH_USER_PATHS = NO;
				CLANG_ANALYZER_NONNULL = YES;
				CLANG_ANALYZER_NUMBER_OBJECT_CONVERSION = YES_AGGRESSIVE;
				CLANG_CXX_LANGUAGE_STANDARD = "gnu++14";
				CLANG_CXX_LIBRARY = "libc++";
				CLANG_ENABLE_MODULES = YES;
				CLANG_ENABLE_OBJC_ARC = YES;
				CLANG_ENABLE_OBJC_WEAK = YES;
				CLANG_WARN_BLOCK_CAPTURE_AUTORELEASING = YES;
				CLANG_WARN_BOOL_CONVERSION = YES;
				CLANG_WARN_COMMA = YES;
				CLANG_WARN_CONSTANT_CONVERSION = YES;
				CLANG_WARN_DEPRECATED_OBJC_IMPLEMENTATIONS = YES;
				CLANG_WARN_DIRECT_OBJC_ISA_USAGE = YES_ERROR;
				CLANG_WARN_DOCUMENTATION_COMMENTS = YES;
				CLANG_WARN_EMPTY_BODY = YES;
				CLANG_WARN_ENUM_CONVERSION = YES;
				CLANG_WARN_INFINITE_RECURSION = YES;
				CLANG_WARN_INT_CONVERSION = YES;
				CLANG_WARN_NON_LITERAL_NULL_CONVERSION = YES;
				CLANG_WARN_OBJC_IMPLICIT_RETAIN_SELF = YES;
				CLANG_WARN_OBJC_LITERAL_CONVERSION = YES;
				CLANG_WARN_OBJC_ROOT_CLASS = YES_ERROR;
				CLANG_WARN_RANGE_LOOP_ANALYSIS = YES;
				CLANG_WARN_STRICT_PROTOTYPES = YES;
				CLANG_WARN_SUSPICIOUS_MOVE = YES;
				CLANG_WARN_UNGUARDED_AVAILABILITY = YES_AGGRESSIVE;
				CLANG_WARN_UNREACHABLE_CODE = YES;
				CLANG_WARN__DUPLICATE_METHOD_MATCH = YES;
				COPY_PHASE_STRIP = NO;
				DEBUG_INFORMATION_FORMAT = "dwarf-with-dsym";
				ENABLE_NS_ASSERTIONS = NO;
				ENABLE_STRICT_OBJC_MSGSEND = YES;
				GCC_C_LANGUAGE_STANDARD = gnu11;
				GCC_NO_COMMON_BLOCKS = YES;
				GCC_WARN_64_TO_32_BIT_CONVERSION = YES;
				GCC_WARN_ABOUT_RETURN_TYPE = YES_ERROR;
				GCC_WARN_UNDECLARED_SELECTOR = YES;
				GCC_WARN_UNINITIALIZED_AUTOS = YES_AGGRESSIVE;
				GCC_WARN_UNUSED_FUNCTION = YES;
				GCC_WARN_UNUSED_VARIABLE = YES;
				IPHONEOS_DEPLOYMENT_TARGET = 13.2;
				MTL_ENABLE_DEBUG_INFO = NO;
				MTL_FAST_MATH = YES;
				SDKROOT = iphoneos;
				SWIFT_COMPILATION_MODE = wholemodule;
				SWIFT_OPTIMIZATION_LEVEL = "-O";
				VALIDATE_PRODUCT = YES;
			};
			name = Release;
		};
		45B9D07823F8665E0091AD81 /* Debug */ = {
			isa = XCBuildConfiguration;
			baseConfigurationReference = 714575C38A8026C55210C0E8 /* Pods-Dark sky.debug.xcconfig */;
			buildSettings = {
				ASSETCATALOG_COMPILER_APPICON_NAME = AppIcon;
				CODE_SIGN_IDENTITY = "Apple Development";
				CODE_SIGN_STYLE = Manual;
				DEVELOPMENT_TEAM = "";
				INFOPLIST_FILE = "Dark sky/Info.plist";
				LD_RUNPATH_SEARCH_PATHS = (
					"$(inherited)",
					"@executable_path/Frameworks",
				);
				PRODUCT_BUNDLE_IDENTIFIER = "entrevista.Dark-sky";
				PRODUCT_NAME = "$(TARGET_NAME)";
				PROVISIONING_PROFILE_SPECIFIER = "";
				SWIFT_VERSION = 5.0;
				TARGETED_DEVICE_FAMILY = 1;
			};
			name = Debug;
		};
		45B9D07923F8665E0091AD81 /* Release */ = {
			isa = XCBuildConfiguration;
			baseConfigurationReference = D14433C5C0119D767A4657B5 /* Pods-Dark sky.release.xcconfig */;
			buildSettings = {
				ASSETCATALOG_COMPILER_APPICON_NAME = AppIcon;
				CODE_SIGN_IDENTITY = "Apple Development";
				CODE_SIGN_STYLE = Manual;
				DEVELOPMENT_TEAM = "";
				INFOPLIST_FILE = "Dark sky/Info.plist";
				LD_RUNPATH_SEARCH_PATHS = (
					"$(inherited)",
					"@executable_path/Frameworks",
				);
				PRODUCT_BUNDLE_IDENTIFIER = "entrevista.Dark-sky";
				PRODUCT_NAME = "$(TARGET_NAME)";
				PROVISIONING_PROFILE_SPECIFIER = "";
				SWIFT_VERSION = 5.0;
				TARGETED_DEVICE_FAMILY = 1;
			};
			name = Release;
		};
/* End XCBuildConfiguration section */

/* Begin XCConfigurationList section */
		45B9D05C23F8665D0091AD81 /* Build configuration list for PBXProject "Dark sky" */ = {
			isa = XCConfigurationList;
			buildConfigurations = (
				45B9D07523F8665E0091AD81 /* Debug */,
				45B9D07623F8665E0091AD81 /* Release */,
			);
			defaultConfigurationIsVisible = 0;
			defaultConfigurationName = Release;
		};
		45B9D07723F8665E0091AD81 /* Build configuration list for PBXNativeTarget "Dark sky" */ = {
			isa = XCConfigurationList;
			buildConfigurations = (
				45B9D07823F8665E0091AD81 /* Debug */,
				45B9D07923F8665E0091AD81 /* Release */,
			);
			defaultConfigurationIsVisible = 0;
			defaultConfigurationName = Release;
		};
/* End XCConfigurationList section */
	};
	rootObject = 45B9D05923F8665D0091AD81 /* Project object */;
}
